# This file is automatically @generated by Poetry 1.8.5 and should not be changed by hand.

[[package]]
name = "python-common-pystatus"
version = "1.0.0"
description = "Automatically generated by Nx."
optional = false
python-versions = ">=3.9,<4"
files = []
develop = true

[package.source]
type = "directory"
url = "../pystatus"

[metadata]
lock-version = "2.0"
python-versions = ">=3.9,<4"
content-hash = "073f7afbc54177ad89a338951f76b9e9e93aadd3d0481b0a88142cd2996e0d04"
