# This file is automatically @generated by Poetry 1.8.5 and should not be changed by hand.

[[package]]
name = "python-common-cliargs"
version = "1.0.0"
description = "Automatically generated by Nx."
optional = false
python-versions = ">=3.9,<4"
files = []
develop = true

[package.source]
type = "directory"
url = "../../../libs/python/common/cliargs"

[[package]]
name = "python-common-logger"
version = "1.0.0"
description = "Automatically generated by Nx."
optional = false
python-versions = ">=3.9,<4"
files = []
develop = true

[package.dependencies]
python-json-logger = "^3.3.0"

[package.source]
type = "directory"
url = "../../../libs/python/common/logger"

[[package]]
name = "python-json-logger"
version = "3.3.0"
description = "JSON Log Formatter for the Python Logging Package"
optional = false
python-versions = ">=3.8"
files = [
    {file = "python_json_logger-3.3.0-py3-none-any.whl", hash = "sha256:dd980fae8cffb24c13caf6e158d3d61c0d6d22342f932cb6e9deedab3d35eec7"},
    {file = "python_json_logger-3.3.0.tar.gz", hash = "sha256:12b7e74b17775e7d565129296105bbe3910842d9d0eb083fc83a6a617aa8df84"},
]

[package.dependencies]
typing_extensions = {version = "*", markers = "python_version < \"3.10\""}

[package.extras]
dev = ["backports.zoneinfo", "black", "build", "freezegun", "mdx_truly_sane_lists", "mike", "mkdocs", "mkdocs-awesome-pages-plugin", "mkdocs-gen-files", "mkdocs-literate-nav", "mkdocs-material (>=8.5)", "mkdocstrings[python]", "msgspec", "mypy", "orjson", "pylint", "pytest", "tzdata", "validate-pyproject[all]"]

[[package]]
name = "typing-extensions"
version = "4.13.2"
description = "Backported and Experimental Type Hints for Python 3.8+"
optional = false
python-versions = ">=3.8"
files = [
    {file = "typing_extensions-4.13.2-py3-none-any.whl", hash = "sha256:a439e7c04b49fec3e5d3e2beaa21755cadbbdc391694e28ccdd36ca4a1408f8c"},
    {file = "typing_extensions-4.13.2.tar.gz", hash = "sha256:e6c81219bd689f51865d9e372991c540bda33a0379d5573cddb9a3a23f7caaef"},
]

[metadata]
lock-version = "2.0"
python-versions = ">=3.9,<4"
content-hash = "7e465a30fa305a7cc9bc89610d96de6e209caf6933be619f5abce0cba0ca2bd0"
