# This file is automatically @generated by Poetry 1.8.5 and should not be changed by hand.

[[package]]
name = "python-common-cliargs"
version = "1.0.0"
description = "Automatically generated by Nx."
optional = false
python-versions = ">=3.9,<4"
files = []
develop = true

[package.source]
type = "directory"
url = "../../common/cliargs"

[metadata]
lock-version = "2.0"
python-versions = ">=3.9,<4"
content-hash = "18c7aa6c1c85b6f3d4b216291421e4661a3bd40a851cb11808b9b3cc127b32d0"
