# This file is automatically @generated by Poetry 2.1.1 and should not be changed by hand.

[[package]]
name = "ddd-value-objects"
version = "1.0.0"
description = "Automatically generated by Nx."
optional = false
python-versions = ">=3.9,<4"
groups = ["main"]
files = []
develop = true

[package.source]
type = "directory"
url = "../../value-objects"

[metadata]
lock-version = "2.1"
python-versions = ">=3.9,<4"
content-hash = "fb298a0ee571b1f40c74f6184abb1064c44b601cca5fc48d57a67b29abf97a73"
