# This file is automatically @generated by Poetry 2.1.1 and should not be changed by hand.

[[package]]
name = "ddd-value-objects"
version = "1.0.0"
description = "Automatically generated by Nx."
optional = false
python-versions = ">=3.9,<4"
groups = ["main"]
files = []
develop = true

[package.source]
type = "directory"
url = "../value-objects"

[metadata]
lock-version = "2.1"
python-versions = ">=3.9,<4"
content-hash = "26e06a722be21fb78d5f638fe7761751dccd2548eef8c6af71b2a2b36415adf9"
